
Microsoft Visual Studio Solution File, Format Version 12.00
# Visual Studio Version 17
VisualStudioVersion = 17.13.35818.85
MinimumVisualStudioVersion = 10.0.40219.1
Project("{FAE04EC0-301F-11D3-BF4B-00C04F79EFBC}") = "LinqApi", "src\LinqApi.csproj", "{4DC333FC-EBA3-214C-EB5A-F5502841A1C0}"
EndProject
Project("{FAE04EC0-301F-11D3-BF4B-00C04F79EFBC}") = "LinqApi.UnitTests", "tests\LinqApi.UnitTests\LinqApi.UnitTests.csproj", "{43CADE49-F796-9676-B698-6FD8AE385E5F}"
EndProject
Project("{FAE04EC0-301F-11D3-BF4B-00C04F79EFBC}") = "LinqApi.Demo", "demo\LinqApi.Demo\LinqApi.Demo.csproj", "{29A21E15-5F5C-720A-EFD5-E34EF85C74A4}"
EndProject
Project("{2150E333-8FDC-42A3-9474-1A3956D46DE8}") = "src", "src", "{02EA681E-C7D8-13C7-8484-4AC65E1B71E8}"
EndProject
Project("{2150E333-8FDC-42A3-9474-1A3956D46DE8}") = "tests", "tests", "{F4300C09-4919-4C81-88C9-DDC381759CAB}"
EndProject
Project("{2150E333-8FDC-42A3-9474-1A3956D46DE8}") = "demo", "demo", "{390BF1A2-C1F3-4195-9D28-DA093ADC2DE3}"
EndProject
Global
	GlobalSection(SolutionConfigurationPlatforms) = preSolution
		Debug|Any CPU = Debug|Any CPU
		Release|Any CPU = Release|Any CPU
	EndGlobalSection
	GlobalSection(ProjectConfigurationPlatforms) = postSolution
		{4DC333FC-EBA3-214C-EB5A-F5502841A1C0}.Debug|Any CPU.ActiveCfg = Debug|Any CPU
		{4DC333FC-EBA3-214C-EB5A-F5502841A1C0}.Debug|Any CPU.Build.0 = Debug|Any CPU
		{4DC333FC-EBA3-214C-EB5A-F5502841A1C0}.Release|Any CPU.ActiveCfg = Release|Any CPU
		{4DC333FC-EBA3-214C-EB5A-F5502841A1C0}.Release|Any CPU.Build.0 = Release|Any CPU
		{43CADE49-F796-9676-B698-6FD8AE385E5F}.Debug|Any CPU.ActiveCfg = Debug|Any CPU
		{43CADE49-F796-9676-B698-6FD8AE385E5F}.Debug|Any CPU.Build.0 = Debug|Any CPU
		{43CADE49-F796-9676-B698-6FD8AE385E5F}.Release|Any CPU.ActiveCfg = Release|Any CPU
		{43CADE49-F796-9676-B698-6FD8AE385E5F}.Release|Any CPU.Build.0 = Release|Any CPU
		{29A21E15-5F5C-720A-EFD5-E34EF85C74A4}.Debug|Any CPU.ActiveCfg = Debug|Any CPU
		{29A21E15-5F5C-720A-EFD5-E34EF85C74A4}.Debug|Any CPU.Build.0 = Debug|Any CPU
		{29A21E15-5F5C-720A-EFD5-E34EF85C74A4}.Release|Any CPU.ActiveCfg = Release|Any CPU
		{29A21E15-5F5C-720A-EFD5-E34EF85C74A4}.Release|Any CPU.Build.0 = Release|Any CPU
	EndGlobalSection
	GlobalSection(SolutionProperties) = preSolution
		HideSolutionNode = FALSE
	EndGlobalSection
	GlobalSection(NestedProjects) = preSolution
		{4DC333FC-EBA3-214C-EB5A-F5502841A1C0} = {02EA681E-C7D8-13C7-8484-4AC65E1B71E8}
		{43CADE49-F796-9676-B698-6FD8AE385E5F} = {F4300C09-4919-4C81-88C9-DDC381759CAB}
		{29A21E15-5F5C-720A-EFD5-E34EF85C74A4} = {390BF1A2-C1F3-4195-9D28-DA093ADC2DE3}
	EndGlobalSection
	GlobalSection(ExtensibilityGlobals) = postSolution
		SolutionGuid = {C9DE39CD-B485-496B-8A9E-30AF7480CD68}
	EndGlobalSection
EndGlobal
