
Microsoft Visual Studio Solution File, Format Version 12.00
# Visual Studio Version 17
VisualStudioVersion = 17.13.35818.85 d17.13
MinimumVisualStudioVersion = 10.0.40219.1
Project("{FAE04EC0-301F-11D3-BF4B-00C04F79EFBC}") = "LinqApi", "..\src\LinqApi.csproj", "{892291E6-526D-436C-51DD-17D304A194D8}"
EndProject
Project("{2150E333-8FDC-42A3-9474-1A3956D46DE8}") = "src", "src", "{02EA681E-C7D8-13C7-8484-4AC65E1B71E8}"
EndProject
Project("{2150E333-8FDC-42A3-9474-1A3956D46DE8}") = "tests", "tests", "{A6F28258-A309-4A9F-9FDD-8551CBD6AC1A}"
EndProject
Project("{2150E333-8FDC-42A3-9474-1A3956D46DE8}") = "demo", "demo", "{EF16EEB1-2999-43A7-A39C-37D454AB7B41}"
EndProject
Project("{FAE04EC0-301F-11D3-BF4B-00C04F79EFBC}") = "LinqApi.UnitTests", "..\tests\LinqApi.UnitTests\LinqApi.UnitTests.csproj", "{075119A4-4779-4D57-AFE1-70F5D5CFA06D}"
EndProject
Project("{FAE04EC0-301F-11D3-BF4B-00C04F79EFBC}") = "LinqApi.Demo", "..\demo\LinqApi.Demo\LinqApi.Demo.csproj", "{7A496C10-D7E2-4774-B5B9-95958D6FBE08}"
EndProject
Global
	GlobalSection(SolutionConfigurationPlatforms) = preSolution
		Debug|Any CPU = Debug|Any CPU
		Release|Any CPU = Release|Any CPU
	EndGlobalSection
	GlobalSection(ProjectConfigurationPlatforms) = postSolution
		{892291E6-526D-436C-51DD-17D304A194D8}.Debug|Any CPU.ActiveCfg = Debug|Any CPU
		{892291E6-526D-436C-51DD-17D304A194D8}.Debug|Any CPU.Build.0 = Debug|Any CPU
		{892291E6-526D-436C-51DD-17D304A194D8}.Release|Any CPU.ActiveCfg = Release|Any CPU
		{892291E6-526D-436C-51DD-17D304A194D8}.Release|Any CPU.Build.0 = Release|Any CPU
		{075119A4-4779-4D57-AFE1-70F5D5CFA06D}.Debug|Any CPU.ActiveCfg = Debug|Any CPU
		{075119A4-4779-4D57-AFE1-70F5D5CFA06D}.Debug|Any CPU.Build.0 = Debug|Any CPU
		{075119A4-4779-4D57-AFE1-70F5D5CFA06D}.Release|Any CPU.ActiveCfg = Release|Any CPU
		{075119A4-4779-4D57-AFE1-70F5D5CFA06D}.Release|Any CPU.Build.0 = Release|Any CPU
		{7A496C10-D7E2-4774-B5B9-95958D6FBE08}.Debug|Any CPU.ActiveCfg = Debug|Any CPU
		{7A496C10-D7E2-4774-B5B9-95958D6FBE08}.Debug|Any CPU.Build.0 = Debug|Any CPU
		{7A496C10-D7E2-4774-B5B9-95958D6FBE08}.Release|Any CPU.ActiveCfg = Release|Any CPU
		{7A496C10-D7E2-4774-B5B9-95958D6FBE08}.Release|Any CPU.Build.0 = Release|Any CPU
	EndGlobalSection
	GlobalSection(SolutionProperties) = preSolution
		HideSolutionNode = FALSE
	EndGlobalSection
	GlobalSection(NestedProjects) = preSolution
		{892291E6-526D-436C-51DD-17D304A194D8} = {02EA681E-C7D8-13C7-8484-4AC65E1B71E8}
		{075119A4-4779-4D57-AFE1-70F5D5CFA06D} = {A6F28258-A309-4A9F-9FDD-8551CBD6AC1A}
		{7A496C10-D7E2-4774-B5B9-95958D6FBE08} = {EF16EEB1-2999-43A7-A39C-37D454AB7B41}
	EndGlobalSection
	GlobalSection(ExtensibilityGlobals) = postSolution
		SolutionGuid = {299EF055-EA37-401A-99C9-001F7FC38D65}
	EndGlobalSection
EndGlobal
