
Microsoft Visual Studio Solution File, Format Version 12.00
# Visual Studio Version 17
VisualStudioVersion = 17.13.35818.85
MinimumVisualStudioVersion = 10.0.40219.1
Project("{FAE04EC0-301F-11D3-BF4B-00C04F79EFBC}") = "LinqApi", "..\src\Core\LinqApi\LinqApi.csproj", "{75693C18-5A8B-BCEC-1FE3-28B9F9A41177}"
EndProject
Project("{FAE04EC0-301F-11D3-BF4B-00C04F79EFBC}") = "LinqApi.Dynamic", "..\src\Dynamic\LinqApi.Dynamic\LinqApi.Dynamic.csproj", "{333A261D-BB98-4063-A0CB-CA5D5E6BE66E}"
EndProject
Project("{FAE04EC0-301F-11D3-BF4B-00C04F79EFBC}") = "LinqApi.Razor", "..\src\Razor\LinqApi.Razor\LinqApi.Razor.csproj", "{B1FD0E57-1301-6789-C0BF-0DD73E72E946}"
EndProject
Project("{2150E333-8FDC-42A3-9474-1A3956D46DE8}") = "src", "src", "{02EA681E-C7D8-13C7-8484-4AC65E1B71E8}"
EndProject
Project("{2150E333-8FDC-42A3-9474-1A3956D46DE8}") = "tests", "tests", "{851052F0-5ADD-4A6D-8D1B-9E29B05DB653}"
EndProject
Project("{FAE04EC0-301F-11D3-BF4B-00C04F79EFBC}") = "LinqApi.UnitTests", "..\tests\LinqApi.UnitTests\LinqApi.UnitTests.csproj", "{57806990-9F3D-5B2C-FF42-1D99332AF2AE}"
EndProject
Project("{2150E333-8FDC-42A3-9474-1A3956D46DE8}") = "demo", "demo", "{BEAFC9AB-CCA0-46E9-8E45-A16BDD62F997}"
EndProject
Project("{FAE04EC0-301F-11D3-BF4B-00C04F79EFBC}") = "LinqApi.Demo", "..\demo\LinqApi.Demo\LinqApi.Demo.csproj", "{13A3603B-AFF8-5E1A-75F3-792211B578EE}"
EndProject
Project("{FAE04EC0-301F-11D3-BF4B-00C04F79EFBC}") = "LinqApi.Dynamic.Demo", "..\demo\LinqApi.Dynamic.Demo\LinqApi.Dynamic.Demo.csproj", "{F5ACF995-F4B3-A2AF-B5C1-3BD54985E451}"
EndProject
Project("{2150E333-8FDC-42A3-9474-1A3956D46DE8}") = "tools", "tools", "{392845F4-1A24-4670-B10A-A931A8870F19}"
EndProject
Project("{FAE04EC0-301F-11D3-BF4B-00C04F79EFBC}") = "LinqApi.Tools", "..\src\Tools\LinqApi.Tools\LinqApi.Tools.csproj", "{078E1754-629B-4060-BECB-79821A9175C3}"
EndProject
Project("{2150E333-8FDC-42A3-9474-1A3956D46DE8}") = "generators", "generators", "{E7E42BBD-E2B9-4CAB-B908-821BF0999613}"
EndProject
Project("{FAE04EC0-301F-11D3-BF4B-00C04F79EFBC}") = "LinqApi.Generators.SqlServer", "..\src\Generators\LinqApi.Generators.SqlServer\LinqApi.Generators.SqlServer.csproj", "{423368C7-236F-4AD7-8974-FF4F1789579D}"
EndProject
Global
	GlobalSection(SolutionConfigurationPlatforms) = preSolution
		Debug|Any CPU = Debug|Any CPU
		Release|Any CPU = Release|Any CPU
	EndGlobalSection
	GlobalSection(ProjectConfigurationPlatforms) = postSolution
		{75693C18-5A8B-BCEC-1FE3-28B9F9A41177}.Debug|Any CPU.ActiveCfg = Debug|Any CPU
		{75693C18-5A8B-BCEC-1FE3-28B9F9A41177}.Debug|Any CPU.Build.0 = Debug|Any CPU
		{75693C18-5A8B-BCEC-1FE3-28B9F9A41177}.Release|Any CPU.ActiveCfg = Release|Any CPU
		{75693C18-5A8B-BCEC-1FE3-28B9F9A41177}.Release|Any CPU.Build.0 = Release|Any CPU
		{333A261D-BB98-4063-A0CB-CA5D5E6BE66E}.Debug|Any CPU.ActiveCfg = Debug|Any CPU
		{333A261D-BB98-4063-A0CB-CA5D5E6BE66E}.Debug|Any CPU.Build.0 = Debug|Any CPU
		{333A261D-BB98-4063-A0CB-CA5D5E6BE66E}.Release|Any CPU.ActiveCfg = Release|Any CPU
		{333A261D-BB98-4063-A0CB-CA5D5E6BE66E}.Release|Any CPU.Build.0 = Release|Any CPU
		{B1FD0E57-1301-6789-C0BF-0DD73E72E946}.Debug|Any CPU.ActiveCfg = Debug|Any CPU
		{B1FD0E57-1301-6789-C0BF-0DD73E72E946}.Debug|Any CPU.Build.0 = Debug|Any CPU
		{B1FD0E57-1301-6789-C0BF-0DD73E72E946}.Release|Any CPU.ActiveCfg = Release|Any CPU
		{B1FD0E57-1301-6789-C0BF-0DD73E72E946}.Release|Any CPU.Build.0 = Release|Any CPU
		{57806990-9F3D-5B2C-FF42-1D99332AF2AE}.Debug|Any CPU.ActiveCfg = Debug|Any CPU
		{57806990-9F3D-5B2C-FF42-1D99332AF2AE}.Debug|Any CPU.Build.0 = Debug|Any CPU
		{57806990-9F3D-5B2C-FF42-1D99332AF2AE}.Release|Any CPU.ActiveCfg = Release|Any CPU
		{57806990-9F3D-5B2C-FF42-1D99332AF2AE}.Release|Any CPU.Build.0 = Release|Any CPU
		{13A3603B-AFF8-5E1A-75F3-792211B578EE}.Debug|Any CPU.ActiveCfg = Debug|Any CPU
		{13A3603B-AFF8-5E1A-75F3-792211B578EE}.Debug|Any CPU.Build.0 = Debug|Any CPU
		{13A3603B-AFF8-5E1A-75F3-792211B578EE}.Release|Any CPU.ActiveCfg = Release|Any CPU
		{13A3603B-AFF8-5E1A-75F3-792211B578EE}.Release|Any CPU.Build.0 = Release|Any CPU
		{F5ACF995-F4B3-A2AF-B5C1-3BD54985E451}.Debug|Any CPU.ActiveCfg = Debug|Any CPU
		{F5ACF995-F4B3-A2AF-B5C1-3BD54985E451}.Debug|Any CPU.Build.0 = Debug|Any CPU
		{F5ACF995-F4B3-A2AF-B5C1-3BD54985E451}.Release|Any CPU.ActiveCfg = Release|Any CPU
		{F5ACF995-F4B3-A2AF-B5C1-3BD54985E451}.Release|Any CPU.Build.0 = Release|Any CPU
		{078E1754-629B-4060-BECB-79821A9175C3}.Debug|Any CPU.ActiveCfg = Debug|Any CPU
		{078E1754-629B-4060-BECB-79821A9175C3}.Debug|Any CPU.Build.0 = Debug|Any CPU
		{078E1754-629B-4060-BECB-79821A9175C3}.Release|Any CPU.ActiveCfg = Release|Any CPU
		{078E1754-629B-4060-BECB-79821A9175C3}.Release|Any CPU.Build.0 = Release|Any CPU
		{423368C7-236F-4AD7-8974-FF4F1789579D}.Debug|Any CPU.ActiveCfg = Debug|Any CPU
		{423368C7-236F-4AD7-8974-FF4F1789579D}.Debug|Any CPU.Build.0 = Debug|Any CPU
		{423368C7-236F-4AD7-8974-FF4F1789579D}.Release|Any CPU.ActiveCfg = Release|Any CPU
		{423368C7-236F-4AD7-8974-FF4F1789579D}.Release|Any CPU.Build.0 = Release|Any CPU
	EndGlobalSection
	GlobalSection(SolutionProperties) = preSolution
		HideSolutionNode = FALSE
	EndGlobalSection
	GlobalSection(NestedProjects) = preSolution
		{75693C18-5A8B-BCEC-1FE3-28B9F9A41177} = {02EA681E-C7D8-13C7-8484-4AC65E1B71E8}
		{333A261D-BB98-4063-A0CB-CA5D5E6BE66E} = {02EA681E-C7D8-13C7-8484-4AC65E1B71E8}
		{B1FD0E57-1301-6789-C0BF-0DD73E72E946} = {02EA681E-C7D8-13C7-8484-4AC65E1B71E8}
		{57806990-9F3D-5B2C-FF42-1D99332AF2AE} = {851052F0-5ADD-4A6D-8D1B-9E29B05DB653}
		{13A3603B-AFF8-5E1A-75F3-792211B578EE} = {BEAFC9AB-CCA0-46E9-8E45-A16BDD62F997}
		{F5ACF995-F4B3-A2AF-B5C1-3BD54985E451} = {BEAFC9AB-CCA0-46E9-8E45-A16BDD62F997}
		{392845F4-1A24-4670-B10A-A931A8870F19} = {02EA681E-C7D8-13C7-8484-4AC65E1B71E8}
		{078E1754-629B-4060-BECB-79821A9175C3} = {392845F4-1A24-4670-B10A-A931A8870F19}
		{E7E42BBD-E2B9-4CAB-B908-821BF0999613} = {02EA681E-C7D8-13C7-8484-4AC65E1B71E8}
		{423368C7-236F-4AD7-8974-FF4F1789579D} = {E7E42BBD-E2B9-4CAB-B908-821BF0999613}
	EndGlobalSection
	GlobalSection(ExtensibilityGlobals) = postSolution
		SolutionGuid = {24218905-9DE8-409D-A36D-490D7679BB76}
	EndGlobalSection
EndGlobal
