
Microsoft Visual Studio Solution File, Format Version 12.00
# Visual Studio Version 17
VisualStudioVersion = 17.13.35818.85
MinimumVisualStudioVersion = 10.0.40219.1
Project("{FAE04EC0-301F-11D3-BF4B-00C04F79EFBC}") = "LinqApi.Dynamic", "..\src\Dynamic\LinqApi.Dynamic\LinqApi.Dynamic.csproj", "{333A261D-BB98-4063-A0CB-CA5D5E6BE66E}"
EndProject
Project("{FAE04EC0-301F-11D3-BF4B-00C04F79EFBC}") = "LinqApi.Razor", "..\src\Razor\LinqApi.Razor\LinqApi.Razor.csproj", "{B1FD0E57-1301-6789-C0BF-0DD73E72E946}"
EndProject
Project("{2150E333-8FDC-42A3-9474-1A3956D46DE8}") = "src", "src", "{02EA681E-C7D8-13C7-8484-4AC65E1B71E8}"
EndProject
Project("{2150E333-8FDC-42A3-9474-1A3956D46DE8}") = "demo", "demo", "{BEAFC9AB-CCA0-46E9-8E45-A16BDD62F997}"
EndProject
Project("{FAE04EC0-301F-11D3-BF4B-00C04F79EFBC}") = "LinqApi.Dynamic.Demo", "..\demo\LinqApi.Dynamic.Demo\LinqApi.Dynamic.Demo.csproj", "{F5ACF995-F4B3-A2AF-B5C1-3BD54985E451}"
EndProject
Project("{2150E333-8FDC-42A3-9474-1A3956D46DE8}") = "tools", "tools", "{392845F4-1A24-4670-B10A-A931A8870F19}"
EndProject
Project("{FAE04EC0-301F-11D3-BF4B-00C04F79EFBC}") = "LinqApi.Tools", "..\src\Tools\LinqApi.Tools\LinqApi.Tools.csproj", "{078E1754-629B-4060-BECB-79821A9175C3}"
EndProject
Project("{2150E333-8FDC-42A3-9474-1A3956D46DE8}") = "generators", "generators", "{E7E42BBD-E2B9-4CAB-B908-821BF0999613}"
EndProject
Project("{FAE04EC0-301F-11D3-BF4B-00C04F79EFBC}") = "LinqApi.Generators.SqlServer", "..\src\Generators\LinqApi.Generators.SqlServer\LinqApi.Generators.SqlServer.csproj", "{423368C7-236F-4AD7-8974-FF4F1789579D}"
EndProject
Project("{FAE04EC0-301F-11D3-BF4B-00C04F79EFBC}") = "Posonl.Domain", "..\demo\Posonl\Posonl.Domain\Posonl.Domain.csproj", "{664AEA24-04B6-F73C-9704-FB74B5A6E236}"
EndProject
Project("{FAE04EC0-301F-11D3-BF4B-00C04F79EFBC}") = "Posonl.Infrastructure", "..\demo\Posonl\Posonl.Infrastructure\Posonl.Infrastructure.csproj", "{E0455F1F-FF51-37DC-2FCC-95BD428B4A10}"
EndProject
Project("{FAE04EC0-301F-11D3-BF4B-00C04F79EFBC}") = "Posonl.Web", "..\demo\Posonl\Posonl.Web\Posonl.Web.csproj", "{3B9DCA5D-9F6C-B451-D80D-591A27D8DA6B}"
EndProject
Project("{FAE04EC0-301F-11D3-BF4B-00C04F79EFBC}") = "LinqApi.Controller", "..\src\Controller\LinqApi.Controller\LinqApi.Controller.csproj", "{0288118F-6FE0-B2EC-4A1E-777AE5B022E1}"
EndProject
Project("{FAE04EC0-301F-11D3-BF4B-00C04F79EFBC}") = "LinqApi.Core", "..\src\Core\LinqApi.Core\LinqApi.Core.csproj", "{3DAE448E-328B-3660-2AAC-45AA8823139A}"
EndProject
Project("{FAE04EC0-301F-11D3-BF4B-00C04F79EFBC}") = "LinqApi.Correlation", "..\src\Correlation\LinqApi.Correlation\LinqApi.Correlation.csproj", "{F4A25BCB-CBA5-9F30-363B-C69E7DC85816}"
EndProject
Project("{FAE04EC0-301F-11D3-BF4B-00C04F79EFBC}") = "LinqApi.Epoch", "..\src\Epoch\LinqApi.Epoch\LinqApi.Epoch.csproj", "{A84FED88-3E48-309F-C2BE-13A8DF9258FE}"
EndProject
Project("{FAE04EC0-301F-11D3-BF4B-00C04F79EFBC}") = "LinqApi.Extensions", "..\src\Extensions\LinqApi.Extensions\LinqApi.Extensions\LinqApi.Extensions.csproj", "{01ED4DAA-3DEB-B9C4-0911-8278F91C59A1}"
EndProject
Project("{FAE04EC0-301F-11D3-BF4B-00C04F79EFBC}") = "LinqApi.Localization", "..\src\Localization\LinqApi.Localization\LinqApi.Localization.csproj", "{BB852FAF-E2FA-6E61-822B-0DA8F1D5BA81}"
EndProject
Project("{FAE04EC0-301F-11D3-BF4B-00C04F79EFBC}") = "LinqApi.Logging", "..\src\Logging\LinqApi.Logging\LinqApi.Logging.csproj", "{DD7B8FBB-704F-552D-F1C5-F751140EF914}"
EndProject
Project("{FAE04EC0-301F-11D3-BF4B-00C04F79EFBC}") = "LinqApi.MassTransit", "..\src\MassTransit\LinqApi.MassTransit\LinqApi.MassTransit.csproj", "{05C9A575-86F3-51EE-F434-94D9B5DB195D}"
EndProject
Project("{FAE04EC0-301F-11D3-BF4B-00C04F79EFBC}") = "LinqApi.Repository", "..\src\Repository\LinqApi.Repository\LinqApi.Repository.csproj", "{962B9C24-562C-F9EB-F4A6-A57152327FEA}"
EndProject
Global
	GlobalSection(SolutionConfigurationPlatforms) = preSolution
		Debug|Any CPU = Debug|Any CPU
		Release|Any CPU = Release|Any CPU
	EndGlobalSection
	GlobalSection(ProjectConfigurationPlatforms) = postSolution
		{333A261D-BB98-4063-A0CB-CA5D5E6BE66E}.Debug|Any CPU.ActiveCfg = Debug|Any CPU
		{333A261D-BB98-4063-A0CB-CA5D5E6BE66E}.Debug|Any CPU.Build.0 = Debug|Any CPU
		{333A261D-BB98-4063-A0CB-CA5D5E6BE66E}.Release|Any CPU.ActiveCfg = Release|Any CPU
		{333A261D-BB98-4063-A0CB-CA5D5E6BE66E}.Release|Any CPU.Build.0 = Release|Any CPU
		{B1FD0E57-1301-6789-C0BF-0DD73E72E946}.Debug|Any CPU.ActiveCfg = Debug|Any CPU
		{B1FD0E57-1301-6789-C0BF-0DD73E72E946}.Debug|Any CPU.Build.0 = Debug|Any CPU
		{B1FD0E57-1301-6789-C0BF-0DD73E72E946}.Release|Any CPU.ActiveCfg = Release|Any CPU
		{B1FD0E57-1301-6789-C0BF-0DD73E72E946}.Release|Any CPU.Build.0 = Release|Any CPU
		{F5ACF995-F4B3-A2AF-B5C1-3BD54985E451}.Debug|Any CPU.ActiveCfg = Debug|Any CPU
		{F5ACF995-F4B3-A2AF-B5C1-3BD54985E451}.Debug|Any CPU.Build.0 = Debug|Any CPU
		{F5ACF995-F4B3-A2AF-B5C1-3BD54985E451}.Release|Any CPU.ActiveCfg = Release|Any CPU
		{F5ACF995-F4B3-A2AF-B5C1-3BD54985E451}.Release|Any CPU.Build.0 = Release|Any CPU
		{078E1754-629B-4060-BECB-79821A9175C3}.Debug|Any CPU.ActiveCfg = Debug|Any CPU
		{078E1754-629B-4060-BECB-79821A9175C3}.Debug|Any CPU.Build.0 = Debug|Any CPU
		{078E1754-629B-4060-BECB-79821A9175C3}.Release|Any CPU.ActiveCfg = Release|Any CPU
		{078E1754-629B-4060-BECB-79821A9175C3}.Release|Any CPU.Build.0 = Release|Any CPU
		{423368C7-236F-4AD7-8974-FF4F1789579D}.Debug|Any CPU.ActiveCfg = Debug|Any CPU
		{423368C7-236F-4AD7-8974-FF4F1789579D}.Debug|Any CPU.Build.0 = Debug|Any CPU
		{423368C7-236F-4AD7-8974-FF4F1789579D}.Release|Any CPU.ActiveCfg = Release|Any CPU
		{423368C7-236F-4AD7-8974-FF4F1789579D}.Release|Any CPU.Build.0 = Release|Any CPU
		{664AEA24-04B6-F73C-9704-FB74B5A6E236}.Debug|Any CPU.ActiveCfg = Debug|Any CPU
		{664AEA24-04B6-F73C-9704-FB74B5A6E236}.Debug|Any CPU.Build.0 = Debug|Any CPU
		{664AEA24-04B6-F73C-9704-FB74B5A6E236}.Release|Any CPU.ActiveCfg = Release|Any CPU
		{664AEA24-04B6-F73C-9704-FB74B5A6E236}.Release|Any CPU.Build.0 = Release|Any CPU
		{E0455F1F-FF51-37DC-2FCC-95BD428B4A10}.Debug|Any CPU.ActiveCfg = Debug|Any CPU
		{E0455F1F-FF51-37DC-2FCC-95BD428B4A10}.Debug|Any CPU.Build.0 = Debug|Any CPU
		{E0455F1F-FF51-37DC-2FCC-95BD428B4A10}.Release|Any CPU.ActiveCfg = Release|Any CPU
		{E0455F1F-FF51-37DC-2FCC-95BD428B4A10}.Release|Any CPU.Build.0 = Release|Any CPU
		{3B9DCA5D-9F6C-B451-D80D-591A27D8DA6B}.Debug|Any CPU.ActiveCfg = Debug|Any CPU
		{3B9DCA5D-9F6C-B451-D80D-591A27D8DA6B}.Debug|Any CPU.Build.0 = Debug|Any CPU
		{3B9DCA5D-9F6C-B451-D80D-591A27D8DA6B}.Release|Any CPU.ActiveCfg = Release|Any CPU
		{3B9DCA5D-9F6C-B451-D80D-591A27D8DA6B}.Release|Any CPU.Build.0 = Release|Any CPU
		{0288118F-6FE0-B2EC-4A1E-777AE5B022E1}.Debug|Any CPU.ActiveCfg = Debug|Any CPU
		{0288118F-6FE0-B2EC-4A1E-777AE5B022E1}.Debug|Any CPU.Build.0 = Debug|Any CPU
		{0288118F-6FE0-B2EC-4A1E-777AE5B022E1}.Release|Any CPU.ActiveCfg = Release|Any CPU
		{0288118F-6FE0-B2EC-4A1E-777AE5B022E1}.Release|Any CPU.Build.0 = Release|Any CPU
		{3DAE448E-328B-3660-2AAC-45AA8823139A}.Debug|Any CPU.ActiveCfg = Debug|Any CPU
		{3DAE448E-328B-3660-2AAC-45AA8823139A}.Debug|Any CPU.Build.0 = Debug|Any CPU
		{3DAE448E-328B-3660-2AAC-45AA8823139A}.Release|Any CPU.ActiveCfg = Release|Any CPU
		{3DAE448E-328B-3660-2AAC-45AA8823139A}.Release|Any CPU.Build.0 = Release|Any CPU
		{F4A25BCB-CBA5-9F30-363B-C69E7DC85816}.Debug|Any CPU.ActiveCfg = Debug|Any CPU
		{F4A25BCB-CBA5-9F30-363B-C69E7DC85816}.Debug|Any CPU.Build.0 = Debug|Any CPU
		{F4A25BCB-CBA5-9F30-363B-C69E7DC85816}.Release|Any CPU.ActiveCfg = Release|Any CPU
		{F4A25BCB-CBA5-9F30-363B-C69E7DC85816}.Release|Any CPU.Build.0 = Release|Any CPU
		{A84FED88-3E48-309F-C2BE-13A8DF9258FE}.Debug|Any CPU.ActiveCfg = Debug|Any CPU
		{A84FED88-3E48-309F-C2BE-13A8DF9258FE}.Debug|Any CPU.Build.0 = Debug|Any CPU
		{A84FED88-3E48-309F-C2BE-13A8DF9258FE}.Release|Any CPU.ActiveCfg = Release|Any CPU
		{A84FED88-3E48-309F-C2BE-13A8DF9258FE}.Release|Any CPU.Build.0 = Release|Any CPU
		{01ED4DAA-3DEB-B9C4-0911-8278F91C59A1}.Debug|Any CPU.ActiveCfg = Debug|Any CPU
		{01ED4DAA-3DEB-B9C4-0911-8278F91C59A1}.Debug|Any CPU.Build.0 = Debug|Any CPU
		{01ED4DAA-3DEB-B9C4-0911-8278F91C59A1}.Release|Any CPU.ActiveCfg = Release|Any CPU
		{01ED4DAA-3DEB-B9C4-0911-8278F91C59A1}.Release|Any CPU.Build.0 = Release|Any CPU
		{BB852FAF-E2FA-6E61-822B-0DA8F1D5BA81}.Debug|Any CPU.ActiveCfg = Debug|Any CPU
		{BB852FAF-E2FA-6E61-822B-0DA8F1D5BA81}.Debug|Any CPU.Build.0 = Debug|Any CPU
		{BB852FAF-E2FA-6E61-822B-0DA8F1D5BA81}.Release|Any CPU.ActiveCfg = Release|Any CPU
		{BB852FAF-E2FA-6E61-822B-0DA8F1D5BA81}.Release|Any CPU.Build.0 = Release|Any CPU
		{DD7B8FBB-704F-552D-F1C5-F751140EF914}.Debug|Any CPU.ActiveCfg = Debug|Any CPU
		{DD7B8FBB-704F-552D-F1C5-F751140EF914}.Debug|Any CPU.Build.0 = Debug|Any CPU
		{DD7B8FBB-704F-552D-F1C5-F751140EF914}.Release|Any CPU.ActiveCfg = Release|Any CPU
		{DD7B8FBB-704F-552D-F1C5-F751140EF914}.Release|Any CPU.Build.0 = Release|Any CPU
		{05C9A575-86F3-51EE-F434-94D9B5DB195D}.Debug|Any CPU.ActiveCfg = Debug|Any CPU
		{05C9A575-86F3-51EE-F434-94D9B5DB195D}.Debug|Any CPU.Build.0 = Debug|Any CPU
		{05C9A575-86F3-51EE-F434-94D9B5DB195D}.Release|Any CPU.ActiveCfg = Release|Any CPU
		{05C9A575-86F3-51EE-F434-94D9B5DB195D}.Release|Any CPU.Build.0 = Release|Any CPU
		{962B9C24-562C-F9EB-F4A6-A57152327FEA}.Debug|Any CPU.ActiveCfg = Debug|Any CPU
		{962B9C24-562C-F9EB-F4A6-A57152327FEA}.Debug|Any CPU.Build.0 = Debug|Any CPU
		{962B9C24-562C-F9EB-F4A6-A57152327FEA}.Release|Any CPU.ActiveCfg = Release|Any CPU
		{962B9C24-562C-F9EB-F4A6-A57152327FEA}.Release|Any CPU.Build.0 = Release|Any CPU
	EndGlobalSection
	GlobalSection(SolutionProperties) = preSolution
		HideSolutionNode = FALSE
	EndGlobalSection
	GlobalSection(NestedProjects) = preSolution
		{333A261D-BB98-4063-A0CB-CA5D5E6BE66E} = {02EA681E-C7D8-13C7-8484-4AC65E1B71E8}
		{B1FD0E57-1301-6789-C0BF-0DD73E72E946} = {02EA681E-C7D8-13C7-8484-4AC65E1B71E8}
		{F5ACF995-F4B3-A2AF-B5C1-3BD54985E451} = {BEAFC9AB-CCA0-46E9-8E45-A16BDD62F997}
		{392845F4-1A24-4670-B10A-A931A8870F19} = {02EA681E-C7D8-13C7-8484-4AC65E1B71E8}
		{078E1754-629B-4060-BECB-79821A9175C3} = {392845F4-1A24-4670-B10A-A931A8870F19}
		{E7E42BBD-E2B9-4CAB-B908-821BF0999613} = {02EA681E-C7D8-13C7-8484-4AC65E1B71E8}
		{423368C7-236F-4AD7-8974-FF4F1789579D} = {E7E42BBD-E2B9-4CAB-B908-821BF0999613}
		{664AEA24-04B6-F73C-9704-FB74B5A6E236} = {BEAFC9AB-CCA0-46E9-8E45-A16BDD62F997}
		{E0455F1F-FF51-37DC-2FCC-95BD428B4A10} = {BEAFC9AB-CCA0-46E9-8E45-A16BDD62F997}
		{3B9DCA5D-9F6C-B451-D80D-591A27D8DA6B} = {BEAFC9AB-CCA0-46E9-8E45-A16BDD62F997}
		{0288118F-6FE0-B2EC-4A1E-777AE5B022E1} = {02EA681E-C7D8-13C7-8484-4AC65E1B71E8}
		{3DAE448E-328B-3660-2AAC-45AA8823139A} = {02EA681E-C7D8-13C7-8484-4AC65E1B71E8}
		{F4A25BCB-CBA5-9F30-363B-C69E7DC85816} = {02EA681E-C7D8-13C7-8484-4AC65E1B71E8}
		{A84FED88-3E48-309F-C2BE-13A8DF9258FE} = {02EA681E-C7D8-13C7-8484-4AC65E1B71E8}
		{01ED4DAA-3DEB-B9C4-0911-8278F91C59A1} = {02EA681E-C7D8-13C7-8484-4AC65E1B71E8}
		{BB852FAF-E2FA-6E61-822B-0DA8F1D5BA81} = {02EA681E-C7D8-13C7-8484-4AC65E1B71E8}
		{DD7B8FBB-704F-552D-F1C5-F751140EF914} = {02EA681E-C7D8-13C7-8484-4AC65E1B71E8}
		{05C9A575-86F3-51EE-F434-94D9B5DB195D} = {02EA681E-C7D8-13C7-8484-4AC65E1B71E8}
		{962B9C24-562C-F9EB-F4A6-A57152327FEA} = {02EA681E-C7D8-13C7-8484-4AC65E1B71E8}
	EndGlobalSection
	GlobalSection(ExtensibilityGlobals) = postSolution
		SolutionGuid = {24218905-9DE8-409D-A36D-490D7679BB76}
	EndGlobalSection
EndGlobal
